
Microsoft Visual Studio Solution File, Format Version 12.00
# Visual Studio 14
VisualStudioVersion = 14.0.23107.0
MinimumVisualStudioVersion = 10.0.40219.1
Project("{2150E333-8FDC-42A3-9474-1A3956D46DE8}") = "MyRecipe", "MyRecipe", "{AA285795-2164-4F43-8006-75C255754D65}"
EndProject
Project("{D954291E-2A0B-460D-934E-DC6B0785DB48}") = "MyRecipe.Shared", "MyRecipe\MyRecipe.Shared\MyRecipe.Shared.shproj", "{67CEDB04-FB58-4B0C-8873-44F53763E4F5}"
EndProject
Project("{FAE04EC0-301F-11D3-BF4B-00C04F79EFBC}") = "MyRecipe.Windows", "MyRecipe\MyRecipe.Windows\MyRecipe.Windows.csproj", "{D169DBBF-919A-49C0-916D-9D8940419BF2}"
EndProject
Project("{FAE04EC0-301F-11D3-BF4B-00C04F79EFBC}") = "MyRecipe.WindowsPhone", "MyRecipe\MyRecipe.WindowsPhone\MyRecipe.WindowsPhone.csproj", "{D2871FF9-5598-45D6-B6F2-9AE134B23B02}"
EndProject
Global
	GlobalSection(SharedMSBuildProjectFiles) = preSolution
		MyRecipe\MyRecipe.Shared\MyRecipe.Shared.projitems*{67cedb04-fb58-4b0c-8873-44f53763e4f5}*SharedItemsImports = 13
		MyRecipe\MyRecipe.Shared\MyRecipe.Shared.projitems*{d169dbbf-919a-49c0-916d-9d8940419bf2}*SharedItemsImports = 4
		MyRecipe\MyRecipe.Shared\MyRecipe.Shared.projitems*{d2871ff9-5598-45d6-b6f2-9ae134b23b02}*SharedItemsImports = 4
	EndGlobalSection
	GlobalSection(SolutionConfigurationPlatforms) = preSolution
		Debug|Any CPU = Debug|Any CPU
		Debug|ARM = Debug|ARM
		Debug|x64 = Debug|x64
		Debug|x86 = Debug|x86
		Release|Any CPU = Release|Any CPU
		Release|ARM = Release|ARM
		Release|x64 = Release|x64
		Release|x86 = Release|x86
	EndGlobalSection
	GlobalSection(ProjectConfigurationPlatforms) = postSolution
		{D169DBBF-919A-49C0-916D-9D8940419BF2}.Debug|Any CPU.ActiveCfg = Debug|Any CPU
		{D169DBBF-919A-49C0-916D-9D8940419BF2}.Debug|Any CPU.Build.0 = Debug|Any CPU
		{D169DBBF-919A-49C0-916D-9D8940419BF2}.Debug|Any CPU.Deploy.0 = Debug|Any CPU
		{D169DBBF-919A-49C0-916D-9D8940419BF2}.Debug|ARM.ActiveCfg = Debug|ARM
		{D169DBBF-919A-49C0-916D-9D8940419BF2}.Debug|ARM.Build.0 = Debug|ARM
		{D169DBBF-919A-49C0-916D-9D8940419BF2}.Debug|ARM.Deploy.0 = Debug|ARM
		{D169DBBF-919A-49C0-916D-9D8940419BF2}.Debug|x64.ActiveCfg = Debug|x64
		{D169DBBF-919A-49C0-916D-9D8940419BF2}.Debug|x64.Build.0 = Debug|x64
		{D169DBBF-919A-49C0-916D-9D8940419BF2}.Debug|x64.Deploy.0 = Debug|x64
		{D169DBBF-919A-49C0-916D-9D8940419BF2}.Debug|x86.ActiveCfg = Debug|x86
		{D169DBBF-919A-49C0-916D-9D8940419BF2}.Debug|x86.Build.0 = Debug|x86
		{D169DBBF-919A-49C0-916D-9D8940419BF2}.Debug|x86.Deploy.0 = Debug|x86
		{D169DBBF-919A-49C0-916D-9D8940419BF2}.Release|Any CPU.ActiveCfg = Release|Any CPU
		{D169DBBF-919A-49C0-916D-9D8940419BF2}.Release|Any CPU.Build.0 = Release|Any CPU
		{D169DBBF-919A-49C0-916D-9D8940419BF2}.Release|Any CPU.Deploy.0 = Release|Any CPU
		{D169DBBF-919A-49C0-916D-9D8940419BF2}.Release|ARM.ActiveCfg = Release|ARM
		{D169DBBF-919A-49C0-916D-9D8940419BF2}.Release|ARM.Build.0 = Release|ARM
		{D169DBBF-919A-49C0-916D-9D8940419BF2}.Release|ARM.Deploy.0 = Release|ARM
		{D169DBBF-919A-49C0-916D-9D8940419BF2}.Release|x64.ActiveCfg = Release|x64
		{D169DBBF-919A-49C0-916D-9D8940419BF2}.Release|x64.Build.0 = Release|x64
		{D169DBBF-919A-49C0-916D-9D8940419BF2}.Release|x64.Deploy.0 = Release|x64
		{D169DBBF-919A-49C0-916D-9D8940419BF2}.Release|x86.ActiveCfg = Release|x86
		{D169DBBF-919A-49C0-916D-9D8940419BF2}.Release|x86.Build.0 = Release|x86
		{D169DBBF-919A-49C0-916D-9D8940419BF2}.Release|x86.Deploy.0 = Release|x86
		{D2871FF9-5598-45D6-B6F2-9AE134B23B02}.Debug|Any CPU.ActiveCfg = Debug|Any CPU
		{D2871FF9-5598-45D6-B6F2-9AE134B23B02}.Debug|Any CPU.Build.0 = Debug|Any CPU
		{D2871FF9-5598-45D6-B6F2-9AE134B23B02}.Debug|Any CPU.Deploy.0 = Debug|Any CPU
		{D2871FF9-5598-45D6-B6F2-9AE134B23B02}.Debug|ARM.ActiveCfg = Debug|ARM
		{D2871FF9-5598-45D6-B6F2-9AE134B23B02}.Debug|ARM.Build.0 = Debug|ARM
		{D2871FF9-5598-45D6-B6F2-9AE134B23B02}.Debug|ARM.Deploy.0 = Debug|ARM
		{D2871FF9-5598-45D6-B6F2-9AE134B23B02}.Debug|x64.ActiveCfg = Debug|Any CPU
		{D2871FF9-5598-45D6-B6F2-9AE134B23B02}.Debug|x64.Build.0 = Debug|Any CPU
		{D2871FF9-5598-45D6-B6F2-9AE134B23B02}.Debug|x64.Deploy.0 = Debug|Any CPU
		{D2871FF9-5598-45D6-B6F2-9AE134B23B02}.Debug|x86.ActiveCfg = Debug|x86
		{D2871FF9-5598-45D6-B6F2-9AE134B23B02}.Debug|x86.Build.0 = Debug|x86
		{D2871FF9-5598-45D6-B6F2-9AE134B23B02}.Debug|x86.Deploy.0 = Debug|x86
		{D2871FF9-5598-45D6-B6F2-9AE134B23B02}.Release|Any CPU.ActiveCfg = Release|Any CPU
		{D2871FF9-5598-45D6-B6F2-9AE134B23B02}.Release|Any CPU.Build.0 = Release|Any CPU
		{D2871FF9-5598-45D6-B6F2-9AE134B23B02}.Release|Any CPU.Deploy.0 = Release|Any CPU
		{D2871FF9-5598-45D6-B6F2-9AE134B23B02}.Release|ARM.ActiveCfg = Release|ARM
		{D2871FF9-5598-45D6-B6F2-9AE134B23B02}.Release|ARM.Build.0 = Release|ARM
		{D2871FF9-5598-45D6-B6F2-9AE134B23B02}.Release|ARM.Deploy.0 = Release|ARM
		{D2871FF9-5598-45D6-B6F2-9AE134B23B02}.Release|x64.ActiveCfg = Release|Any CPU
		{D2871FF9-5598-45D6-B6F2-9AE134B23B02}.Release|x64.Build.0 = Release|Any CPU
		{D2871FF9-5598-45D6-B6F2-9AE134B23B02}.Release|x64.Deploy.0 = Release|Any CPU
		{D2871FF9-5598-45D6-B6F2-9AE134B23B02}.Release|x86.ActiveCfg = Release|x86
		{D2871FF9-5598-45D6-B6F2-9AE134B23B02}.Release|x86.Build.0 = Release|x86
		{D2871FF9-5598-45D6-B6F2-9AE134B23B02}.Release|x86.Deploy.0 = Release|x86
	EndGlobalSection
	GlobalSection(SolutionProperties) = preSolution
		HideSolutionNode = FALSE
	EndGlobalSection
	GlobalSection(NestedProjects) = preSolution
		{67CEDB04-FB58-4B0C-8873-44F53763E4F5} = {AA285795-2164-4F43-8006-75C255754D65}
		{D169DBBF-919A-49C0-916D-9D8940419BF2} = {AA285795-2164-4F43-8006-75C255754D65}
		{D2871FF9-5598-45D6-B6F2-9AE134B23B02} = {AA285795-2164-4F43-8006-75C255754D65}
	EndGlobalSection
EndGlobal
